
Microsoft Visual Studio Solution File, Format Version 12.00
# Visual Studio 2012
Project("{8BC9CEB8-8B4A-11D0-8D11-00A0C91BC942}") = "SwitchToDemo", "SwitchToDemo\SwitchToDemo.vcxproj", "{854D778C-AB6F-4635-867F-A86AF14C8BAB}"
EndProject
Project("{FAE04EC0-301F-11D3-BF4B-00C04F79EFBC}") = "SwitchToDemoBootstrap", "SwitchToDemoBootstrap\SwitchToDemoBootstrap.csproj", "{ED2DCF1E-76F3-42C5-BF56-9A8458C57EC6}"
	ProjectSection(ProjectDependencies) = postProject
		{854D778C-AB6F-4635-867F-A86AF14C8BAB} = {854D778C-AB6F-4635-867F-A86AF14C8BAB}
	EndProjectSection
EndProject
Global
	GlobalSection(SolutionConfigurationPlatforms) = preSolution
		Debug|Any CPU = Debug|Any CPU
		Debug|Mixed Platforms = Debug|Mixed Platforms
		Debug|Win32 = Debug|Win32
		Release|Any CPU = Release|Any CPU
		Release|Mixed Platforms = Release|Mixed Platforms
		Release|Win32 = Release|Win32
	EndGlobalSection
	GlobalSection(ProjectConfigurationPlatforms) = postSolution
		{854D778C-AB6F-4635-867F-A86AF14C8BAB}.Debug|Any CPU.ActiveCfg = Debug|Win32
		{854D778C-AB6F-4635-867F-A86AF14C8BAB}.Debug|Mixed Platforms.ActiveCfg = Debug|Win32
		{854D778C-AB6F-4635-867F-A86AF14C8BAB}.Debug|Mixed Platforms.Build.0 = Debug|Win32
		{854D778C-AB6F-4635-867F-A86AF14C8BAB}.Debug|Win32.ActiveCfg = Debug|Win32
		{854D778C-AB6F-4635-867F-A86AF14C8BAB}.Debug|Win32.Build.0 = Debug|Win32
		{854D778C-AB6F-4635-867F-A86AF14C8BAB}.Release|Any CPU.ActiveCfg = Release|Win32
		{854D778C-AB6F-4635-867F-A86AF14C8BAB}.Release|Mixed Platforms.ActiveCfg = Release|Win32
		{854D778C-AB6F-4635-867F-A86AF14C8BAB}.Release|Mixed Platforms.Build.0 = Release|Win32
		{854D778C-AB6F-4635-867F-A86AF14C8BAB}.Release|Win32.ActiveCfg = Release|Win32
		{854D778C-AB6F-4635-867F-A86AF14C8BAB}.Release|Win32.Build.0 = Release|Win32
		{ED2DCF1E-76F3-42C5-BF56-9A8458C57EC6}.Debug|Any CPU.ActiveCfg = Debug|Any CPU
		{ED2DCF1E-76F3-42C5-BF56-9A8458C57EC6}.Debug|Any CPU.Build.0 = Debug|Any CPU
		{ED2DCF1E-76F3-42C5-BF56-9A8458C57EC6}.Debug|Mixed Platforms.ActiveCfg = Debug|Any CPU
		{ED2DCF1E-76F3-42C5-BF56-9A8458C57EC6}.Debug|Win32.ActiveCfg = Debug|Any CPU
		{ED2DCF1E-76F3-42C5-BF56-9A8458C57EC6}.Release|Any CPU.ActiveCfg = Release|Any CPU
		{ED2DCF1E-76F3-42C5-BF56-9A8458C57EC6}.Release|Any CPU.Build.0 = Release|Any CPU
		{ED2DCF1E-76F3-42C5-BF56-9A8458C57EC6}.Release|Mixed Platforms.ActiveCfg = Release|Any CPU
		{ED2DCF1E-76F3-42C5-BF56-9A8458C57EC6}.Release|Mixed Platforms.Build.0 = Release|Any CPU
		{ED2DCF1E-76F3-42C5-BF56-9A8458C57EC6}.Release|Win32.ActiveCfg = Release|Any CPU
	EndGlobalSection
	GlobalSection(SolutionProperties) = preSolution
		HideSolutionNode = FALSE
	EndGlobalSection
EndGlobal
